{
  "originHash" : "29ba9abce3babc30791fb3a10604a6334d66102cdf37108513e490480770118b",
  "pins" : [
    {
      "identity" : "docckit",
      "kind" : "remoteSourceControl",
      "location" : "https://github.com/Mcrich-LLC/DocCKit",
      "state" : {
        "branch" : "main",
        "revision" : "b76910a5a0fb3c7716bd909d54594e30f11e5174"
      }
    },
    {
      "identity" : "enhancedcodable",
      "kind" : "remoteSourceControl",
      "location" : "https://github.com/Mcrich23/EnhancedCodable",
      "state" : {
        "branch" : "main",
        "revision" : "a980acc454acc58fe92d66730d84c8df85626c9e"
      }
    },
    {
      "identity" : "highlightswift",
      "kind" : "remoteSourceControl",
      "location" : "https://github.com/appstefan/HighlightSwift",
      "state" : {
        "revision" : "784ca3ccfc8a2cf724fbb2f06cb6ec3329424da3",
        "version" : "1.1.0"
      }
    },
    {
      "identity" : "nuke",
      "kind" : "remoteSourceControl",
      "location" : "https://github.com/kean/Nuke.git",
      "state" : {
        "revision" : "83e19143355b02e9261edb2323b3e1e93287ebb9",
        "version" : "12.9.0"
      }
    },
    {
      "identity" : "sfsafesymbols",
      "kind" : "remoteSourceControl",
      "location" : "https://github.com/SFSafeSymbols/SFSafeSymbols",
      "state" : {
        "revision" : "e01b3d4f861412f8dcee8d93c417d2c2b0cdfd77",
        "version" : "7.0.0"
      }
    },
    {
      "identity" : "swift-syntax",
      "kind" : "remoteSourceControl",
      "location" : "https://github.com/swiftlang/swift-syntax.git",
      "state" : {
        "revision" : "0687f71944021d616d34d922343dcef086855920",
        "version" : "600.0.1"
      }
    }
  ],
  "version" : 3
}
